
Microsoft Visual Studio Solution File, Format Version 12.00
# Visual Studio Version 16
VisualStudioVersion = 16.0.29728.190
MinimumVisualStudioVersion = 10.0.40219.1
Project("{9A19103F-16F7-4668-BE54-9A1E7A4F7556}") = "S3Gateway", "S3Gateway\S3Gateway.csproj", "{60DF6BE2-5DDC-4BC8-A852-79461BAC579C}"
EndProject
Project("{FAE04EC0-301F-11D3-BF4B-00C04F79EFBC}") = "test", "test\test.csproj", "{0DDF5A0A-C4D7-402D-87CC-768A027A6C12}"
EndProject
Global
	GlobalSection(SolutionConfigurationPlatforms) = preSolution
		Debug|Any CPU = Debug|Any CPU
		Release|Any CPU = Release|Any CPU
	EndGlobalSection
	GlobalSection(ProjectConfigurationPlatforms) = postSolution
		{60DF6BE2-5DDC-4BC8-A852-79461BAC579C}.Debug|Any CPU.ActiveCfg = Debug|Any CPU
		{60DF6BE2-5DDC-4BC8-A852-79461BAC579C}.Debug|Any CPU.Build.0 = Debug|Any CPU
		{60DF6BE2-5DDC-4BC8-A852-79461BAC579C}.Release|Any CPU.ActiveCfg = Release|Any CPU
		{60DF6BE2-5DDC-4BC8-A852-79461BAC579C}.Release|Any CPU.Build.0 = Release|Any CPU
		{0DDF5A0A-C4D7-402D-87CC-768A027A6C12}.Debug|Any CPU.ActiveCfg = Debug|Any CPU
		{0DDF5A0A-C4D7-402D-87CC-768A027A6C12}.Debug|Any CPU.Build.0 = Debug|Any CPU
		{0DDF5A0A-C4D7-402D-87CC-768A027A6C12}.Release|Any CPU.ActiveCfg = Release|Any CPU
		{0DDF5A0A-C4D7-402D-87CC-768A027A6C12}.Release|Any CPU.Build.0 = Release|Any CPU
	EndGlobalSection
	GlobalSection(SolutionProperties) = preSolution
		HideSolutionNode = FALSE
	EndGlobalSection
	GlobalSection(ExtensibilityGlobals) = postSolution
		SolutionGuid = {B5E39AB4-3857-4F0C-88B0-D0585EF30B8C}
	EndGlobalSection
EndGlobal
